
Microsoft Visual Studio Solution File, Format Version 12.00
# Visual Studio Version 17
VisualStudioVersion = 17.11.35312.102
MinimumVisualStudioVersion = 10.0.40219.1
Project("{FAE04EC0-301F-11D3-BF4B-00C04F79EFBC}") = "ServiceBusCleanup", "ServiceBusCleanup\ServiceBusCleanup.csproj", "{BFB8A5C8-12D6-4502-91D8-36325D255B57}"
EndProject
Global
	GlobalSection(SolutionConfigurationPlatforms) = preSolution
		Debug|Any CPU = Debug|Any CPU
		Release|Any CPU = Release|Any CPU
	EndGlobalSection
	GlobalSection(ProjectConfigurationPlatforms) = postSolution
		{BFB8A5C8-12D6-4502-91D8-36325D255B57}.Debug|Any CPU.ActiveCfg = Debug|Any CPU
		{BFB8A5C8-12D6-4502-91D8-36325D255B57}.Debug|Any CPU.Build.0 = Debug|Any CPU
		{BFB8A5C8-12D6-4502-91D8-36325D255B57}.Release|Any CPU.ActiveCfg = Release|Any CPU
		{BFB8A5C8-12D6-4502-91D8-36325D255B57}.Release|Any CPU.Build.0 = Release|Any CPU
	EndGlobalSection
	GlobalSection(SolutionProperties) = preSolution
		HideSolutionNode = FALSE
	EndGlobalSection
	GlobalSection(ExtensibilityGlobals) = postSolution
		SolutionGuid = {85707054-7B39-4EA1-B886-0D636944E48B}
	EndGlobalSection
EndGlobal
